
Microsoft Visual Studio Solution File, Format Version 12.00
# Visual Studio Version 17
VisualStudioVersion = 17.10.35027.167
MinimumVisualStudioVersion = 10.0.40219.1
Project("{FAE04EC0-301F-11D3-BF4B-00C04F79EFBC}") = "PrismEnterpriseSample", "PrismEnterpriseSample\PrismEnterpriseSample.csproj", "{C9B84E40-9685-4ED2-946A-F9F941EC2F5F}"
EndProject
Project("{FAE04EC0-301F-11D3-BF4B-00C04F79EFBC}") = "SioDepolyment", "SioDepolyment\SioDepolyment.csproj", "{8A042736-3B8C-45F1-9C7A-4F56E8CF5ACA}"
EndProject
Project("{FAE04EC0-301F-11D3-BF4B-00C04F79EFBC}") = "SioDepolyment.Forms", "SioDepolyment.Forms\SioDepolyment.Forms.csproj", "{DF9D16FB-F026-451F-99C2-482745EDB9F7}"
EndProject
Project("{FAE04EC0-301F-11D3-BF4B-00C04F79EFBC}") = "SioDepolyment.Services", "SioDepolyment.Services\SioDepolyment.Services.csproj", "{F57ED7D8-7509-4675-AF2A-84AAD5DA53F2}"
EndProject
Global
	GlobalSection(SolutionConfigurationPlatforms) = preSolution
		Debug|Any CPU = Debug|Any CPU
		Release|Any CPU = Release|Any CPU
	EndGlobalSection
	GlobalSection(ProjectConfigurationPlatforms) = postSolution
		{C9B84E40-9685-4ED2-946A-F9F941EC2F5F}.Debug|Any CPU.ActiveCfg = Debug|Any CPU
		{C9B84E40-9685-4ED2-946A-F9F941EC2F5F}.Debug|Any CPU.Build.0 = Debug|Any CPU
		{C9B84E40-9685-4ED2-946A-F9F941EC2F5F}.Release|Any CPU.ActiveCfg = Release|Any CPU
		{C9B84E40-9685-4ED2-946A-F9F941EC2F5F}.Release|Any CPU.Build.0 = Release|Any CPU
		{8A042736-3B8C-45F1-9C7A-4F56E8CF5ACA}.Debug|Any CPU.ActiveCfg = Debug|Any CPU
		{8A042736-3B8C-45F1-9C7A-4F56E8CF5ACA}.Debug|Any CPU.Build.0 = Debug|Any CPU
		{8A042736-3B8C-45F1-9C7A-4F56E8CF5ACA}.Release|Any CPU.ActiveCfg = Release|Any CPU
		{8A042736-3B8C-45F1-9C7A-4F56E8CF5ACA}.Release|Any CPU.Build.0 = Release|Any CPU
		{DF9D16FB-F026-451F-99C2-482745EDB9F7}.Debug|Any CPU.ActiveCfg = Debug|Any CPU
		{DF9D16FB-F026-451F-99C2-482745EDB9F7}.Debug|Any CPU.Build.0 = Debug|Any CPU
		{DF9D16FB-F026-451F-99C2-482745EDB9F7}.Release|Any CPU.ActiveCfg = Release|Any CPU
		{DF9D16FB-F026-451F-99C2-482745EDB9F7}.Release|Any CPU.Build.0 = Release|Any CPU
		{F57ED7D8-7509-4675-AF2A-84AAD5DA53F2}.Debug|Any CPU.ActiveCfg = Debug|Any CPU
		{F57ED7D8-7509-4675-AF2A-84AAD5DA53F2}.Debug|Any CPU.Build.0 = Debug|Any CPU
		{F57ED7D8-7509-4675-AF2A-84AAD5DA53F2}.Release|Any CPU.ActiveCfg = Release|Any CPU
		{F57ED7D8-7509-4675-AF2A-84AAD5DA53F2}.Release|Any CPU.Build.0 = Release|Any CPU
	EndGlobalSection
	GlobalSection(SolutionProperties) = preSolution
		HideSolutionNode = FALSE
	EndGlobalSection
	GlobalSection(ExtensibilityGlobals) = postSolution
		SolutionGuid = {7F59C439-1206-4C9E-89D5-F5E990D3A3DE}
		EnterpriseLibraryConfigurationToolBinariesPathV6 = packages\EnterpriseLibrary.Common.6.0.1304.0\lib\NET45;packages\EnterpriseLibrary.Logging.6.0.1304.0\lib\NET45;packages\EnterpriseLibrary.Data.6.0.1304.0\lib\NET45;packages\EnterpriseLibrary.ExceptionHandling.6.0.1304.0\lib\NET45;packages\EnterpriseLibrary.TransientFaultHandling.6.0.1304.0\lib\portable-net45+win+wp8
	EndGlobalSection
EndGlobal
